PODS:
  - Capacitor (8.4.2):
    - CapacitorCordova
  - CapacitorCordova (8.4.2)

DEPENDENCIES:
  - "Capacitor (from `../../node_modules/@capacitor/ios`)"
  - "CapacitorCordova (from `../../node_modules/@capacitor/ios`)"

EXTERNAL SOURCES:
  Capacitor:
    :path: "../../node_modules/@capacitor/ios"
  CapacitorCordova:
    :path: "../../node_modules/@capacitor/ios"

SPEC CHECKSUMS:
  Capacitor: 7a1ef4c3b846b5f32437a2b3e11803c1c702a6c5
  CapacitorCordova: 345eacdc4c8282415446aea4acd8c77d82480bd4

PODFILE CHECKSUM: 5247626397c38956c48d1cf815dfbb25528ce387

COCOAPODS: 1.11.3
